
Microsoft Visual Studio Solution File, Format Version 12.00
Project("{FAE04EC0-301F-11D3-BF4B-00C04F79EFBC}") = "Api", "Server\Api\Api.csproj", "{C706DE77-351E-4938-8A88-1178A35A3F05}"
EndProject
Project("{FAE04EC0-301F-11D3-BF4B-00C04F79EFBC}") = "Core", "Server\Core\Core.csproj", "{71D5C34E-40EA-45B8-9CBD-1D615F41848A}"
EndProject
Project("{FAE04EC0-301F-11D3-BF4B-00C04F79EFBC}") = "UnitTest", "Server\UnitTest\UnitTest.csproj", "{695A8D76-7F33-49CF-A3E8-231DB0A2404B}"
EndProject
Project("{FAE04EC0-301F-11D3-BF4B-00C04F79EFBC}") = "Service", "Server\Service\Service.csproj", "{24726157-3918-4E4A-8CDA-A55CA86E0D43}"
EndProject
Global
	GlobalSection(SolutionConfigurationPlatforms) = preSolution
		Debug|Any CPU = Debug|Any CPU
		Release|Any CPU = Release|Any CPU
	EndGlobalSection
	GlobalSection(ProjectConfigurationPlatforms) = postSolution
		{C706DE77-351E-4938-8A88-1178A35A3F05}.Debug|Any CPU.ActiveCfg = Debug|Any CPU
		{C706DE77-351E-4938-8A88-1178A35A3F05}.Debug|Any CPU.Build.0 = Debug|Any CPU
		{C706DE77-351E-4938-8A88-1178A35A3F05}.Release|Any CPU.ActiveCfg = Release|Any CPU
		{C706DE77-351E-4938-8A88-1178A35A3F05}.Release|Any CPU.Build.0 = Release|Any CPU
		{71D5C34E-40EA-45B8-9CBD-1D615F41848A}.Debug|Any CPU.ActiveCfg = Debug|Any CPU
		{71D5C34E-40EA-45B8-9CBD-1D615F41848A}.Debug|Any CPU.Build.0 = Debug|Any CPU
		{71D5C34E-40EA-45B8-9CBD-1D615F41848A}.Release|Any CPU.ActiveCfg = Release|Any CPU
		{71D5C34E-40EA-45B8-9CBD-1D615F41848A}.Release|Any CPU.Build.0 = Release|Any CPU
		{695A8D76-7F33-49CF-A3E8-231DB0A2404B}.Debug|Any CPU.ActiveCfg = Debug|Any CPU
		{695A8D76-7F33-49CF-A3E8-231DB0A2404B}.Debug|Any CPU.Build.0 = Debug|Any CPU
		{695A8D76-7F33-49CF-A3E8-231DB0A2404B}.Release|Any CPU.ActiveCfg = Release|Any CPU
		{695A8D76-7F33-49CF-A3E8-231DB0A2404B}.Release|Any CPU.Build.0 = Release|Any CPU
		{24726157-3918-4E4A-8CDA-A55CA86E0D43}.Debug|Any CPU.ActiveCfg = Debug|Any CPU
		{24726157-3918-4E4A-8CDA-A55CA86E0D43}.Debug|Any CPU.Build.0 = Debug|Any CPU
		{24726157-3918-4E4A-8CDA-A55CA86E0D43}.Release|Any CPU.ActiveCfg = Release|Any CPU
		{24726157-3918-4E4A-8CDA-A55CA86E0D43}.Release|Any CPU.Build.0 = Release|Any CPU
	EndGlobalSection
EndGlobal
