
Microsoft Visual Studio Solution File, Format Version 12.00
Project("{2150E333-8FDC-42A3-9474-1A3956D46DE8}") = "Common", "Common", "{8D5BF6D9-D28E-49BE-9216-6CE2541A456D}"
EndProject
Project("{2150E333-8FDC-42A3-9474-1A3956D46DE8}") = "App", "App", "{67FF4805-A0A1-4513-B646-B6F32EC0F599}"
EndProject
Project("{FAE04EC0-301F-11D3-BF4B-00C04F79EFBC}") = "Api", "App\Api\Api.csproj", "{5EE81406-9895-400F-9F08-DD2F5533CB7F}"
EndProject
Project("{FAE04EC0-301F-11D3-BF4B-00C04F79EFBC}") = "Service", "Service\Service.csproj", "{E81D5E6B-9F44-41B4-A587-BCE8F8C15A51}"
EndProject
Project("{FAE04EC0-301F-11D3-BF4B-00C04F79EFBC}") = "Cli", "App\Cli\Cli.csproj", "{A788B03C-C08B-43EE-9247-83A5DD85BD2F}"
EndProject
Project("{FAE04EC0-301F-11D3-BF4B-00C04F79EFBC}") = "Core", "Core\Core.csproj", "{FB596FEE-E5E7-4DD3-A552-22806C7E0296}"
EndProject
Project("{FAE04EC0-301F-11D3-BF4B-00C04F79EFBC}") = "UnitTest", "UnitTest\UnitTest.csproj", "{D84B2B53-196D-4A24-89B3-39314BCC0C53}"
EndProject
Global
	GlobalSection(SolutionConfigurationPlatforms) = preSolution
		Debug|Any CPU = Debug|Any CPU
		Release|Any CPU = Release|Any CPU
	EndGlobalSection
	GlobalSection(NestedProjects) = preSolution
		{5EE81406-9895-400F-9F08-DD2F5533CB7F} = {67FF4805-A0A1-4513-B646-B6F32EC0F599}
		{A788B03C-C08B-43EE-9247-83A5DD85BD2F} = {67FF4805-A0A1-4513-B646-B6F32EC0F599}
	EndGlobalSection
	GlobalSection(ProjectConfigurationPlatforms) = postSolution
		{5EE81406-9895-400F-9F08-DD2F5533CB7F}.Debug|Any CPU.ActiveCfg = Debug|Any CPU
		{5EE81406-9895-400F-9F08-DD2F5533CB7F}.Debug|Any CPU.Build.0 = Debug|Any CPU
		{5EE81406-9895-400F-9F08-DD2F5533CB7F}.Release|Any CPU.ActiveCfg = Release|Any CPU
		{5EE81406-9895-400F-9F08-DD2F5533CB7F}.Release|Any CPU.Build.0 = Release|Any CPU
		{E81D5E6B-9F44-41B4-A587-BCE8F8C15A51}.Debug|Any CPU.ActiveCfg = Debug|Any CPU
		{E81D5E6B-9F44-41B4-A587-BCE8F8C15A51}.Debug|Any CPU.Build.0 = Debug|Any CPU
		{E81D5E6B-9F44-41B4-A587-BCE8F8C15A51}.Release|Any CPU.ActiveCfg = Release|Any CPU
		{E81D5E6B-9F44-41B4-A587-BCE8F8C15A51}.Release|Any CPU.Build.0 = Release|Any CPU
		{A788B03C-C08B-43EE-9247-83A5DD85BD2F}.Debug|Any CPU.ActiveCfg = Debug|Any CPU
		{A788B03C-C08B-43EE-9247-83A5DD85BD2F}.Debug|Any CPU.Build.0 = Debug|Any CPU
		{A788B03C-C08B-43EE-9247-83A5DD85BD2F}.Release|Any CPU.ActiveCfg = Release|Any CPU
		{A788B03C-C08B-43EE-9247-83A5DD85BD2F}.Release|Any CPU.Build.0 = Release|Any CPU
		{FB596FEE-E5E7-4DD3-A552-22806C7E0296}.Debug|Any CPU.ActiveCfg = Debug|Any CPU
		{FB596FEE-E5E7-4DD3-A552-22806C7E0296}.Debug|Any CPU.Build.0 = Debug|Any CPU
		{FB596FEE-E5E7-4DD3-A552-22806C7E0296}.Release|Any CPU.ActiveCfg = Release|Any CPU
		{FB596FEE-E5E7-4DD3-A552-22806C7E0296}.Release|Any CPU.Build.0 = Release|Any CPU
		{D84B2B53-196D-4A24-89B3-39314BCC0C53}.Debug|Any CPU.ActiveCfg = Debug|Any CPU
		{D84B2B53-196D-4A24-89B3-39314BCC0C53}.Debug|Any CPU.Build.0 = Debug|Any CPU
		{D84B2B53-196D-4A24-89B3-39314BCC0C53}.Release|Any CPU.ActiveCfg = Release|Any CPU
		{D84B2B53-196D-4A24-89B3-39314BCC0C53}.Release|Any CPU.Build.0 = Release|Any CPU
	EndGlobalSection
EndGlobal
